
Microsoft Visual Studio Solution File, Format Version 12.00
# Visual Studio Version 17
VisualStudioVersion = 17.8.34525.116
MinimumVisualStudioVersion = 10.0.40219.1
Project("{9A19103F-16F7-4668-BE54-9A1E7A4F7556}") = "Volkov_HW_ADO_NET_2", "Volkov_HW_ADO_NET_2\Volkov_HW_ADO_NET_2.csproj", "{8D54F6F3-C40F-42B1-A772-15603DB5C396}"
EndProject
Project("{FAE04EC0-301F-11D3-BF4B-00C04F79EFBC}") = "Task2", "Task2\Task2.csproj", "{5B5059B2-5193-4AB3-82C9-601F711E8835}"
EndProject
Global
	GlobalSection(SolutionConfigurationPlatforms) = preSolution
		Debug|Any CPU = Debug|Any CPU
		Release|Any CPU = Release|Any CPU
	EndGlobalSection
	GlobalSection(ProjectConfigurationPlatforms) = postSolution
		{8D54F6F3-C40F-42B1-A772-15603DB5C396}.Debug|Any CPU.ActiveCfg = Debug|Any CPU
		{8D54F6F3-C40F-42B1-A772-15603DB5C396}.Debug|Any CPU.Build.0 = Debug|Any CPU
		{8D54F6F3-C40F-42B1-A772-15603DB5C396}.Release|Any CPU.ActiveCfg = Release|Any CPU
		{8D54F6F3-C40F-42B1-A772-15603DB5C396}.Release|Any CPU.Build.0 = Release|Any CPU
		{5B5059B2-5193-4AB3-82C9-601F711E8835}.Debug|Any CPU.ActiveCfg = Debug|Any CPU
		{5B5059B2-5193-4AB3-82C9-601F711E8835}.Debug|Any CPU.Build.0 = Debug|Any CPU
		{5B5059B2-5193-4AB3-82C9-601F711E8835}.Release|Any CPU.ActiveCfg = Release|Any CPU
		{5B5059B2-5193-4AB3-82C9-601F711E8835}.Release|Any CPU.Build.0 = Release|Any CPU
	EndGlobalSection
	GlobalSection(SolutionProperties) = preSolution
		HideSolutionNode = FALSE
	EndGlobalSection
	GlobalSection(ExtensibilityGlobals) = postSolution
		SolutionGuid = {6F5F3299-81B7-480B-BA08-25DB59BC6400}
	EndGlobalSection
EndGlobal
