
Microsoft Visual Studio Solution File, Format Version 12.00
# Visual Studio Version 17
VisualStudioVersion = 17.8.34525.116
MinimumVisualStudioVersion = 10.0.40219.1
Project("{FAE04EC0-301F-11D3-BF4B-00C04F79EFBC}") = "Volkov_HW_ADO_NET_4", "Volkov_HW_ADO_NET_4\Volkov_HW_ADO_NET_4.csproj", "{1144F7F8-2F7A-4FFC-A288-0785BB1BFFE9}"
EndProject
Global
	GlobalSection(SolutionConfigurationPlatforms) = preSolution
		Debug|Any CPU = Debug|Any CPU
		Release|Any CPU = Release|Any CPU
	EndGlobalSection
	GlobalSection(ProjectConfigurationPlatforms) = postSolution
		{1144F7F8-2F7A-4FFC-A288-0785BB1BFFE9}.Debug|Any CPU.ActiveCfg = Debug|Any CPU
		{1144F7F8-2F7A-4FFC-A288-0785BB1BFFE9}.Debug|Any CPU.Build.0 = Debug|Any CPU
		{1144F7F8-2F7A-4FFC-A288-0785BB1BFFE9}.Release|Any CPU.ActiveCfg = Release|Any CPU
		{1144F7F8-2F7A-4FFC-A288-0785BB1BFFE9}.Release|Any CPU.Build.0 = Release|Any CPU
	EndGlobalSection
	GlobalSection(SolutionProperties) = preSolution
		HideSolutionNode = FALSE
	EndGlobalSection
	GlobalSection(ExtensibilityGlobals) = postSolution
		SolutionGuid = {9C8F316B-C4FB-439E-B97C-A7ED8A34099E}
	EndGlobalSection
EndGlobal
